// !$*UTF8*$!
{
	archiveVersion = 1;
	classes = {
	};
	objectVersion = 46;
	objects = {

/* Begin PBXBuildFile section */
		182F4921FB2B1E9CED98CAB5 /* libPods.a in Frameworks */ = {isa = PBXBuildFile; fileRef = 21871CC21D02689AB4E5BBA1 /* libPods.a */; };
		6516C1731C45A5CA003B35E0 /* RSCenteredTableViewCell.swift in Sources */ = {isa = PBXBuildFile; fileRef = 6516C1721C45A5CA003B35E0 /* RSCenteredTableViewCell.swift */; };
		652AC6381C1B73390033F9D2 /* Login.storyboard in Resources */ = {isa = PBXBuildFile; fileRef = 652AC6371C1B73390033F9D2 /* Login.storyboard */; };
		652AC63C1C1B755C0033F9D2 /* LoginViewController.swift in Sources */ = {isa = PBXBuildFile; fileRef = 652AC63B1C1B755C0033F9D2 /* LoginViewController.swift */; };
		65428C611BEC073900CF28D7 /* EventTableViewController.storyboard in Resources */ = {isa = PBXBuildFile; fileRef = 65428C601BEC073900CF28D7 /* EventTableViewController.storyboard */; };
		65428C631BEC076B00CF28D7 /* EventTableViewController.swift in Sources */ = {isa = PBXBuildFile; fileRef = 65428C621BEC076B00CF28D7 /* EventTableViewController.swift */; };
		65428C661BEC09C200CF28D7 /* REvent.swift in Sources */ = {isa = PBXBuildFile; fileRef = 65428C651BEC09C200CF28D7 /* REvent.swift */; };
		6554F8ED1BE99D17006B753E /* Podfile in Resources */ = {isa = PBXBuildFile; fileRef = 6554F8EC1BE99D17006B753E /* Podfile */; };
		655FC6621BE9816D0013E2CE /* AppDelegate.swift in Sources */ = {isa = PBXBuildFile; fileRef = 655FC6611BE9816D0013E2CE /* AppDelegate.swift */; };
		655FC6671BE9816D0013E2CE /* Main.storyboard in Resources */ = {isa = PBXBuildFile; fileRef = 655FC6651BE9816D0013E2CE /* Main.storyboard */; };
		655FC6691BE9816D0013E2CE /* Assets.xcassets in Resources */ = {isa = PBXBuildFile; fileRef = 655FC6681BE9816D0013E2CE /* Assets.xcassets */; };
		655FC66C1BE9816D0013E2CE /* LaunchScreen.storyboard in Resources */ = {isa = PBXBuildFile; fileRef = 655FC66A1BE9816D0013E2CE /* LaunchScreen.storyboard */; };
		655FC6771BE9816D0013E2CE /* RootsTests.swift in Sources */ = {isa = PBXBuildFile; fileRef = 655FC6761BE9816D0013E2CE /* RootsTests.swift */; };
		655FC6821BE9816D0013E2CE /* RootsUITests.swift in Sources */ = {isa = PBXBuildFile; fileRef = 655FC6811BE9816D0013E2CE /* RootsUITests.swift */; };
		655FC6911BE982230013E2CE /* DepartmentTableViewController.swift in Sources */ = {isa = PBXBuildFile; fileRef = 655FC6901BE982230013E2CE /* DepartmentTableViewController.swift */; };
		655FC6931BE986390013E2CE /* StoreTableViewController.swift in Sources */ = {isa = PBXBuildFile; fileRef = 655FC6921BE986390013E2CE /* StoreTableViewController.swift */; };
		655FC6971BE987960013E2CE /* StoreTableViewController.storyboard in Resources */ = {isa = PBXBuildFile; fileRef = 655FC6961BE987960013E2CE /* StoreTableViewController.storyboard */; };
		655FC69A1BE98AFD0013E2CE /* RStore.swift in Sources */ = {isa = PBXBuildFile; fileRef = 655FC6991BE98AFD0013E2CE /* RStore.swift */; };
		65887CD11C290FBF00658354 /* RUser.swift in Sources */ = {isa = PBXBuildFile; fileRef = 65887CD01C290FBF00658354 /* RUser.swift */; };
/* End PBXBuildFile section */

/* Begin PBXContainerItemProxy section */
		655FC6731BE9816D0013E2CE /* PBXContainerItemProxy */ = {
			isa = PBXContainerItemProxy;
			containerPortal = 655FC6561BE9816D0013E2CE /* Project object */;
			proxyType = 1;
			remoteGlobalIDString = 655FC65D1BE9816D0013E2CE;
			remoteInfo = Roots;
		};
		655FC67E1BE9816D0013E2CE /* PBXContainerItemProxy */ = {
			isa = PBXContainerItemProxy;
			containerPortal = 655FC6561BE9816D0013E2CE /* Project object */;
			proxyType = 1;
			remoteGlobalIDString = 655FC65D1BE9816D0013E2CE;
			remoteInfo = Roots;
		};
/* End PBXContainerItemProxy section */

/* Begin PBXFileReference section */
		21871CC21D02689AB4E5BBA1 /* libPods.a */ = {isa = PBXFileReference; explicitFileType = archive.ar; includeInIndex = 0; path = libPods.a; sourceTree = BUILT_PRODUCTS_DIR; };
		6516C1721C45A5CA003B35E0 /* RSCenteredTableViewCell.swift */ = {isa = PBXFileReference; fileEncoding = 4; lastKnownFileType = sourcecode.swift; path = RSCenteredTableViewCell.swift; sourceTree = "<group>"; };
		652AC6371C1B73390033F9D2 /* Login.storyboard */ = {isa = PBXFileReference; fileEncoding = 4; lastKnownFileType = file.storyboard; path = Login.storyboard; sourceTree = "<group>"; };
		652AC63B1C1B755C0033F9D2 /* LoginViewController.swift */ = {isa = PBXFileReference; fileEncoding = 4; lastKnownFileType = sourcecode.swift; path = LoginViewController.swift; sourceTree = "<group>"; };
		65428C601BEC073900CF28D7 /* EventTableViewController.storyboard */ = {isa = PBXFileReference; fileEncoding = 4; lastKnownFileType = file.storyboard; path = EventTableViewController.storyboard; sourceTree = "<group>"; };
		65428C621BEC076B00CF28D7 /* EventTableViewController.swift */ = {isa = PBXFileReference; fileEncoding = 4; lastKnownFileType = sourcecode.swift; path = EventTableViewController.swift; sourceTree = "<group>"; };
		65428C651BEC09C200CF28D7 /* REvent.swift */ = {isa = PBXFileReference; fileEncoding = 4; lastKnownFileType = sourcecode.swift; path = REvent.swift; sourceTree = "<group>"; };
		6554F8EC1BE99D17006B753E /* Podfile */ = {isa = PBXFileReference; fileEncoding = 4; lastKnownFileType = text; path = Podfile; sourceTree = "<group>"; xcLanguageSpecificationIdentifier = xcode.lang.ruby; };
		6554F8EE1BE99DCE006B753E /* Roots-Bridging-Header.h */ = {isa = PBXFileReference; lastKnownFileType = sourcecode.c.h; path = "Roots-Bridging-Header.h"; sourceTree = "<group>"; };
		655FC65E1BE9816D0013E2CE /* Roots.app */ = {isa = PBXFileReference; explicitFileType = wrapper.application; includeInIndex = 0; path = Roots.app; sourceTree = BUILT_PRODUCTS_DIR; };
		655FC6611BE9816D0013E2CE /* AppDelegate.swift */ = {isa = PBXFileReference; lastKnownFileType = sourcecode.swift; path = AppDelegate.swift; sourceTree = "<group>"; };
		655FC6661BE9816D0013E2CE /* Base */ = {isa = PBXFileReference; lastKnownFileType = file.storyboard; name = Base; path = Base.lproj/Main.storyboard; sourceTree = "<group>"; };
		655FC6681BE9816D0013E2CE /* Assets.xcassets */ = {isa = PBXFileReference; lastKnownFileType = folder.assetcatalog; path = Assets.xcassets; sourceTree = "<group>"; };
		655FC66B1BE9816D0013E2CE /* Base */ = {isa = PBXFileReference; lastKnownFileType = file.storyboard; name = Base; path = Base.lproj/LaunchScreen.storyboard; sourceTree = "<group>"; };
		655FC66D1BE9816D0013E2CE /* Info.plist */ = {isa = PBXFileReference; lastKnownFileType = text.plist.xml; path = Info.plist; sourceTree = "<group>"; };
		655FC6721BE9816D0013E2CE /* RootsTests.xctest */ = {isa = PBXFileReference; explicitFileType = wrapper.cfbundle; includeInIndex = 0; path = RootsTests.xctest; sourceTree = BUILT_PRODUCTS_DIR; };
		655FC6761BE9816D0013E2CE /* RootsTests.swift */ = {isa = PBXFileReference; lastKnownFileType = sourcecode.swift; path = RootsTests.swift; sourceTree = "<group>"; };
		655FC6781BE9816D0013E2CE /* Info.plist */ = {isa = PBXFileReference; lastKnownFileType = text.plist.xml; path = Info.plist; sourceTree = "<group>"; };
		655FC67D1BE9816D0013E2CE /* RootsUITests.xctest */ = {isa = PBXFileReference; explicitFileType = wrapper.cfbundle; includeInIndex = 0; path = RootsUITests.xctest; sourceTree = BUILT_PRODUCTS_DIR; };
		655FC6811BE9816D0013E2CE /* RootsUITests.swift */ = {isa = PBXFileReference; lastKnownFileType = sourcecode.swift; path = RootsUITests.swift; sourceTree = "<group>"; };
		655FC6831BE9816D0013E2CE /* Info.plist */ = {isa = PBXFileReference; lastKnownFileType = text.plist.xml; path = Info.plist; sourceTree = "<group>"; };
		655FC6901BE982230013E2CE /* DepartmentTableViewController.swift */ = {isa = PBXFileReference; fileEncoding = 4; lastKnownFileType = sourcecode.swift; path = DepartmentTableViewController.swift; sourceTree = "<group>"; };
		655FC6921BE986390013E2CE /* StoreTableViewController.swift */ = {isa = PBXFileReference; fileEncoding = 4; lastKnownFileType = sourcecode.swift; path = StoreTableViewController.swift; sourceTree = "<group>"; };
		655FC6961BE987960013E2CE /* StoreTableViewController.storyboard */ = {isa = PBXFileReference; fileEncoding = 4; lastKnownFileType = file.storyboard; path = StoreTableViewController.storyboard; sourceTree = "<group>"; };
		655FC6991BE98AFD0013E2CE /* RStore.swift */ = {isa = PBXFileReference; fileEncoding = 4; lastKnownFileType = sourcecode.swift; path = RStore.swift; sourceTree = "<group>"; };
		65887CD01C290FBF00658354 /* RUser.swift */ = {isa = PBXFileReference; fileEncoding = 4; lastKnownFileType = sourcecode.swift; path = RUser.swift; sourceTree = "<group>"; };
		66BD7D0E18E5BBF6D782B0FC /* Pods.release.xcconfig */ = {isa = PBXFileReference; includeInIndex = 1; lastKnownFileType = text.xcconfig; name = Pods.release.xcconfig; path = "Pods/Target Support Files/Pods/Pods.release.xcconfig"; sourceTree = "<group>"; };
		FA8EE3CA5DECD93008263C94 /* Pods.debug.xcconfig */ = {isa = PBXFileReference; includeInIndex = 1; lastKnownFileType = text.xcconfig; name = Pods.debug.xcconfig; path = "Pods/Target Support Files/Pods/Pods.debug.xcconfig"; sourceTree = "<group>"; };
/* End PBXFileReference section */

/* Begin PBXFrameworksBuildPhase section */
		655FC65B1BE9816D0013E2CE /* Frameworks */ = {
			isa = PBXFrameworksBuildPhase;
			buildActionMask = 2147483647;
			files = (
				182F4921FB2B1E9CED98CAB5 /* libPods.a in Frameworks */,
			);
			runOnlyForDeploymentPostprocessing = 0;
		};
		655FC66F1BE9816D0013E2CE /* Frameworks */ = {
			isa = PBXFrameworksBuildPhase;
			buildActionMask = 2147483647;
			files = (
			);
			runOnlyForDeploymentPostprocessing = 0;
		};
		655FC67A1BE9816D0013E2CE /* Frameworks */ = {
			isa = PBXFrameworksBuildPhase;
			buildActionMask = 2147483647;
			files = (
			);
			runOnlyForDeploymentPostprocessing = 0;
		};
/* End PBXFrameworksBuildPhase section */

/* Begin PBXGroup section */
		1F9ECDF0DDCAB9F2A6A141E2 /* Frameworks */ = {
			isa = PBXGroup;
			children = (
				21871CC21D02689AB4E5BBA1 /* libPods.a */,
			);
			name = Frameworks;
			sourceTree = "<group>";
		};
		652AC63D1C1B75660033F9D2 /* LoginViewController */ = {
			isa = PBXGroup;
			children = (
				652AC6371C1B73390033F9D2 /* Login.storyboard */,
				652AC63B1C1B755C0033F9D2 /* LoginViewController.swift */,
			);
			name = LoginViewController;
			sourceTree = "<group>";
		};
		65428C641BEC077100CF28D7 /* EventTableViewController */ = {
			isa = PBXGroup;
			children = (
				65428C651BEC09C200CF28D7 /* REvent.swift */,
				65428C621BEC076B00CF28D7 /* EventTableViewController.swift */,
				65428C601BEC073900CF28D7 /* EventTableViewController.storyboard */,
			);
			name = EventTableViewController;
			sourceTree = "<group>";
		};
		655FC6551BE9816D0013E2CE = {
			isa = PBXGroup;
			children = (
				6554F8EC1BE99D17006B753E /* Podfile */,
				655FC6601BE9816D0013E2CE /* Roots */,
				655FC6751BE9816D0013E2CE /* RootsTests */,
				655FC6801BE9816D0013E2CE /* RootsUITests */,
				655FC65F1BE9816D0013E2CE /* Products */,
				EAEE9DCF885D5953084BB939 /* Pods */,
				1F9ECDF0DDCAB9F2A6A141E2 /* Frameworks */,
			);
			sourceTree = "<group>";
		};
		655FC65F1BE9816D0013E2CE /* Products */ = {
			isa = PBXGroup;
			children = (
				655FC65E1BE9816D0013E2CE /* Roots.app */,
				655FC6721BE9816D0013E2CE /* RootsTests.xctest */,
				655FC67D1BE9816D0013E2CE /* RootsUITests.xctest */,
			);
			name = Products;
			sourceTree = "<group>";
		};
		655FC6601BE9816D0013E2CE /* Roots */ = {
			isa = PBXGroup;
			children = (
				655FC6611BE9816D0013E2CE /* AppDelegate.swift */,
				65887CD01C290FBF00658354 /* RUser.swift */,
				6516C1721C45A5CA003B35E0 /* RSCenteredTableViewCell.swift */,
				655FC69B1BE996E30013E2CE /* DepartmentViewController */,
				655FC6981BE98AB10013E2CE /* StoreTableViewController */,
				65428C641BEC077100CF28D7 /* EventTableViewController */,
				652AC63D1C1B75660033F9D2 /* LoginViewController */,
				65887CD21C290FD500658354 /* Supporting Files */,
			);
			path = Roots;
			sourceTree = "<group>";
		};
		655FC6751BE9816D0013E2CE /* RootsTests */ = {
			isa = PBXGroup;
			children = (
				655FC6761BE9816D0013E2CE /* RootsTests.swift */,
				655FC6781BE9816D0013E2CE /* Info.plist */,
			);
			path = RootsTests;
			sourceTree = "<group>";
		};
		655FC6801BE9816D0013E2CE /* RootsUITests */ = {
			isa = PBXGroup;
			children = (
				655FC6811BE9816D0013E2CE /* RootsUITests.swift */,
				655FC6831BE9816D0013E2CE /* Info.plist */,
			);
			path = RootsUITests;
			sourceTree = "<group>";
		};
		655FC6981BE98AB10013E2CE /* StoreTableViewController */ = {
			isa = PBXGroup;
			children = (
				655FC6991BE98AFD0013E2CE /* RStore.swift */,
				655FC6921BE986390013E2CE /* StoreTableViewController.swift */,
				655FC6961BE987960013E2CE /* StoreTableViewController.storyboard */,
			);
			name = StoreTableViewController;
			sourceTree = "<group>";
		};
		655FC69B1BE996E30013E2CE /* DepartmentViewController */ = {
			isa = PBXGroup;
			children = (
				655FC6651BE9816D0013E2CE /* Main.storyboard */,
				655FC6901BE982230013E2CE /* DepartmentTableViewController.swift */,
			);
			name = DepartmentViewController;
			sourceTree = "<group>";
		};
		65887CD21C290FD500658354 /* Supporting Files */ = {
			isa = PBXGroup;
			children = (
				655FC6681BE9816D0013E2CE /* Assets.xcassets */,
				655FC66A1BE9816D0013E2CE /* LaunchScreen.storyboard */,
				655FC66D1BE9816D0013E2CE /* Info.plist */,
				6554F8EE1BE99DCE006B753E /* Roots-Bridging-Header.h */,
			);
			name = "Supporting Files";
			sourceTree = "<group>";
		};
		EAEE9DCF885D5953084BB939 /* Pods */ = {
			isa = PBXGroup;
			children = (
				FA8EE3CA5DECD93008263C94 /* Pods.debug.xcconfig */,
				66BD7D0E18E5BBF6D782B0FC /* Pods.release.xcconfig */,
			);
			name = Pods;
			sourceTree = "<group>";
		};
/* End PBXGroup section */

/* Begin PBXNativeTarget section */
		655FC65D1BE9816D0013E2CE /* Roots */ = {
			isa = PBXNativeTarget;
			buildConfigurationList = 655FC6861BE9816D0013E2CE /* Build configuration list for PBXNativeTarget "Roots" */;
			buildPhases = (
				91171C4EDA98BF0688D24E53 /* Check Pods Manifest.lock */,
				655FC65A1BE9816D0013E2CE /* Sources */,
				655FC65B1BE9816D0013E2CE /* Frameworks */,
				655FC65C1BE9816D0013E2CE /* Resources */,
				655FC68F1BE981B40013E2CE /* ShellScript */,
				4299CFCB5E477B27B6818A3E /* Copy Pods Resources */,
			);
			buildRules = (
			);
			dependencies = (
			);
			name = Roots;
			productName = Roots;
			productReference = 655FC65E1BE9816D0013E2CE /* Roots.app */;
			productType = "com.apple.product-type.application";
		};
		655FC6711BE9816D0013E2CE /* RootsTests */ = {
			isa = PBXNativeTarget;
			buildConfigurationList = 655FC6891BE9816D0013E2CE /* Build configuration list for PBXNativeTarget "RootsTests" */;
			buildPhases = (
				655FC66E1BE9816D0013E2CE /* Sources */,
				655FC66F1BE9816D0013E2CE /* Frameworks */,
				655FC6701BE9816D0013E2CE /* Resources */,
			);
			buildRules = (
			);
			dependencies = (
				655FC6741BE9816D0013E2CE /* PBXTargetDependency */,
			);
			name = RootsTests;
			productName = RootsTests;
			productReference = 655FC6721BE9816D0013E2CE /* RootsTests.xctest */;
			productType = "com.apple.product-type.bundle.unit-test";
		};
		655FC67C1BE9816D0013E2CE /* RootsUITests */ = {
			isa = PBXNativeTarget;
			buildConfigurationList = 655FC68C1BE9816D0013E2CE /* Build configuration list for PBXNativeTarget "RootsUITests" */;
			buildPhases = (
				655FC6791BE9816D0013E2CE /* Sources */,
				655FC67A1BE9816D0013E2CE /* Frameworks */,
				655FC67B1BE9816D0013E2CE /* Resources */,
			);
			buildRules = (
			);
			dependencies = (
				655FC67F1BE9816D0013E2CE /* PBXTargetDependency */,
			);
			name = RootsUITests;
			productName = RootsUITests;
			productReference = 655FC67D1BE9816D0013E2CE /* RootsUITests.xctest */;
			productType = "com.apple.product-type.bundle.ui-testing";
		};
/* End PBXNativeTarget section */

/* Begin PBXProject section */
		655FC6561BE9816D0013E2CE /* Project object */ = {
			isa = PBXProject;
			attributes = {
				LastSwiftUpdateCheck = 0710;
				LastUpgradeCheck = 0710;
				ORGANIZATIONNAME = "Hunter Maximillion Monk";
				TargetAttributes = {
					655FC65D1BE9816D0013E2CE = {
						CreatedOnToolsVersion = 7.1;
						DevelopmentTeam = D8N257P9J2;
					};
					655FC6711BE9816D0013E2CE = {
						CreatedOnToolsVersion = 7.1;
						TestTargetID = 655FC65D1BE9816D0013E2CE;
					};
					655FC67C1BE9816D0013E2CE = {
						CreatedOnToolsVersion = 7.1;
						TestTargetID = 655FC65D1BE9816D0013E2CE;
					};
				};
			};
			buildConfigurationList = 655FC6591BE9816D0013E2CE /* Build configuration list for PBXProject "Roots" */;
			compatibilityVersion = "Xcode 3.2";
			developmentRegion = English;
			hasScannedForEncodings = 0;
			knownRegions = (
				en,
				Base,
			);
			mainGroup = 655FC6551BE9816D0013E2CE;
			productRefGroup = 655FC65F1BE9816D0013E2CE /* Products */;
			projectDirPath = "";
			projectRoot = "";
			targets = (
				655FC65D1BE9816D0013E2CE /* Roots */,
				655FC6711BE9816D0013E2CE /* RootsTests */,
				655FC67C1BE9816D0013E2CE /* RootsUITests */,
			);
		};
/* End PBXProject section */

/* Begin PBXResourcesBuildPhase section */
		655FC65C1BE9816D0013E2CE /* Resources */ = {
			isa = PBXResourcesBuildPhase;
			buildActionMask = 2147483647;
			files = (
				6554F8ED1BE99D17006B753E /* Podfile in Resources */,
				65428C611BEC073900CF28D7 /* EventTableViewController.storyboard in Resources */,
				652AC6381C1B73390033F9D2 /* Login.storyboard in Resources */,
				655FC66C1BE9816D0013E2CE /* LaunchScreen.storyboard in Resources */,
				655FC6691BE9816D0013E2CE /* Assets.xcassets in Resources */,
				655FC6971BE987960013E2CE /* StoreTableViewController.storyboard in Resources */,
				655FC6671BE9816D0013E2CE /* Main.storyboard in Resources */,
			);
			runOnlyForDeploymentPostprocessing = 0;
		};
		655FC6701BE9816D0013E2CE /* Resources */ = {
			isa = PBXResourcesBuildPhase;
			buildActionMask = 2147483647;
			files = (
			);
			runOnlyForDeploymentPostprocessing = 0;
		};
		655FC67B1BE9816D0013E2CE /* Resources */ = {
			isa = PBXResourcesBuildPhase;
			buildActionMask = 2147483647;
			files = (
			);
			runOnlyForDeploymentPostprocessing = 0;
		};
/* End PBXResourcesBuildPhase section */

/* Begin PBXShellScriptBuildPhase section */
		4299CFCB5E477B27B6818A3E /* Copy Pods Resources */ = {
			isa = PBXShellScriptBuildPhase;
			buildActionMask = 2147483647;
			files = (
			);
			inputPaths = (
			);
			name = "Copy Pods Resources";
			outputPaths = (
			);
			runOnlyForDeploymentPostprocessing = 0;
			shellPath = /bin/sh;
			shellScript = "\"${SRCROOT}/Pods/Target Support Files/Pods/Pods-resources.sh\"\n";
			showEnvVarsInLog = 0;
		};
		655FC68F1BE981B40013E2CE /* ShellScript */ = {
			isa = PBXShellScriptBuildPhase;
			buildActionMask = 2147483647;
			files = (
			);
			inputPaths = (
			);
			outputPaths = (
			);
			runOnlyForDeploymentPostprocessing = 0;
			shellPath = /bin/sh;
			shellScript = "buildNumber=$(/usr/libexec/PlistBuddy -c \"Print CFBundleVersion\" \"${PROJECT_DIR}/${INFOPLIST_FILE}\")\nbuildNumber=$(($buildNumber + 1))\n/usr/libexec/PlistBuddy -c \"Set :CFBundleVersion $buildNumber\" \"${PROJECT_DIR}/${INFOPLIST_FILE}\"\n\n\"${PODS_ROOT}/Fabric/run\" 3b0959a9fd1465c8f1a1e9f91397a34efb70a878 1016ba06ed81c2b4b67451435e1a1334bea679ad8c7608fc2958c36fcf4759fe\n\nif which swiftlint >/dev/null; then\nswiftlint\nelse\necho \"SwiftLint does not exist, download from https://github.com/realm/SwiftLint\"\nfi";
		};
		91171C4EDA98BF0688D24E53 /* Check Pods Manifest.lock */ = {
			isa = PBXShellScriptBuildPhase;
			buildActionMask = 2147483647;
			files = (
			);
			inputPaths = (
			);
			name = "Check Pods Manifest.lock";
			outputPaths = (
			);
			runOnlyForDeploymentPostprocessing = 0;
			shellPath = /bin/sh;
			shellScript = "diff \"${PODS_ROOT}/../Podfile.lock\" \"${PODS_ROOT}/Manifest.lock\" > /dev/null\nif [[ $? != 0 ]] ; then\n    cat << EOM\nerror: The sandbox is not in sync with the Podfile.lock. Run 'pod install' or update your CocoaPods installation.\nEOM\n    exit 1\nfi\n";
			showEnvVarsInLog = 0;
		};
/* End PBXShellScriptBuildPhase section */

/* Begin PBXSourcesBuildPhase section */
		655FC65A1BE9816D0013E2CE /* Sources */ = {
			isa = PBXSourcesBuildPhase;
			buildActionMask = 2147483647;
			files = (
				655FC6911BE982230013E2CE /* DepartmentTableViewController.swift in Sources */,
				655FC6621BE9816D0013E2CE /* AppDelegate.swift in Sources */,
				6516C1731C45A5CA003B35E0 /* RSCenteredTableViewCell.swift in Sources */,
				65887CD11C290FBF00658354 /* RUser.swift in Sources */,
				65428C661BEC09C200CF28D7 /* REvent.swift in Sources */,
				652AC63C1C1B755C0033F9D2 /* LoginViewController.swift in Sources */,
				655FC69A1BE98AFD0013E2CE /* RStore.swift in Sources */,
				65428C631BEC076B00CF28D7 /* EventTableViewController.swift in Sources */,
				655FC6931BE986390013E2CE /* StoreTableViewController.swift in Sources */,
			);
			runOnlyForDeploymentPostprocessing = 0;
		};
		655FC66E1BE9816D0013E2CE /* Sources */ = {
			isa = PBXSourcesBuildPhase;
			buildActionMask = 2147483647;
			files = (
				655FC6771BE9816D0013E2CE /* RootsTests.swift in Sources */,
			);
			runOnlyForDeploymentPostprocessing = 0;
		};
		655FC6791BE9816D0013E2CE /* Sources */ = {
			isa = PBXSourcesBuildPhase;
			buildActionMask = 2147483647;
			files = (
				655FC6821BE9816D0013E2CE /* RootsUITests.swift in Sources */,
			);
			runOnlyForDeploymentPostprocessing = 0;
		};
/* End PBXSourcesBuildPhase section */

/* Begin PBXTargetDependency section */
		655FC6741BE9816D0013E2CE /* PBXTargetDependency */ = {
			isa = PBXTargetDependency;
			target = 655FC65D1BE9816D0013E2CE /* Roots */;
			targetProxy = 655FC6731BE9816D0013E2CE /* PBXContainerItemProxy */;
		};
		655FC67F1BE9816D0013E2CE /* PBXTargetDependency */ = {
			isa = PBXTargetDependency;
			target = 655FC65D1BE9816D0013E2CE /* Roots */;
			targetProxy = 655FC67E1BE9816D0013E2CE /* PBXContainerItemProxy */;
		};
/* End PBXTargetDependency section */

/* Begin PBXVariantGroup section */
		655FC6651BE9816D0013E2CE /* Main.storyboard */ = {
			isa = PBXVariantGroup;
			children = (
				655FC6661BE9816D0013E2CE /* Base */,
			);
			name = Main.storyboard;
			sourceTree = "<group>";
		};
		655FC66A1BE9816D0013E2CE /* LaunchScreen.storyboard */ = {
			isa = PBXVariantGroup;
			children = (
				655FC66B1BE9816D0013E2CE /* Base */,
			);
			name = LaunchScreen.storyboard;
			sourceTree = "<group>";
		};
/* End PBXVariantGroup section */

/* Begin XCBuildConfiguration section */
		655FC6841BE9816D0013E2CE /* Debug */ = {
			isa = XCBuildConfiguration;
			buildSettings = {
				ALWAYS_SEARCH_USER_PATHS = NO;
				CLANG_CXX_LANGUAGE_STANDARD = "gnu++0x";
				CLANG_CXX_LIBRARY = "libc++";
				CLANG_ENABLE_MODULES = YES;
				CLANG_ENABLE_OBJC_ARC = YES;
				CLANG_WARN_BOOL_CONVERSION = YES;
				CLANG_WARN_CONSTANT_CONVERSION = YES;
				CLANG_WARN_DIRECT_OBJC_ISA_USAGE = YES_ERROR;
				CLANG_WARN_EMPTY_BODY = YES;
				CLANG_WARN_ENUM_CONVERSION = YES;
				CLANG_WARN_INT_CONVERSION = YES;
				CLANG_WARN_OBJC_ROOT_CLASS = YES_ERROR;
				CLANG_WARN_UNREACHABLE_CODE = YES;
				CLANG_WARN__DUPLICATE_METHOD_MATCH = YES;
				"CODE_SIGN_IDENTITY[sdk=iphoneos*]" = "iPhone Developer";
				COPY_PHASE_STRIP = NO;
				DEBUG_INFORMATION_FORMAT = dwarf;
				ENABLE_STRICT_OBJC_MSGSEND = YES;
				ENABLE_TESTABILITY = YES;
				GCC_C_LANGUAGE_STANDARD = gnu99;
				GCC_DYNAMIC_NO_PIC = NO;
				GCC_NO_COMMON_BLOCKS = YES;
				GCC_OPTIMIZATION_LEVEL = 0;
				GCC_PREPROCESSOR_DEFINITIONS = (
					"DEBUG=1",
					"$(inherited)",
				);
				GCC_WARN_64_TO_32_BIT_CONVERSION = YES;
				GCC_WARN_ABOUT_RETURN_TYPE = YES_ERROR;
				GCC_WARN_UNDECLARED_SELECTOR = YES;
				GCC_WARN_UNINITIALIZED_AUTOS = YES_AGGRESSIVE;
				GCC_WARN_UNUSED_FUNCTION = YES;
				GCC_WARN_UNUSED_VARIABLE = YES;
				IPHONEOS_DEPLOYMENT_TARGET = 9.1;
				MTL_ENABLE_DEBUG_INFO = YES;
				ONLY_ACTIVE_ARCH = YES;
				SDKROOT = iphoneos;
				SWIFT_OPTIMIZATION_LEVEL = "-Onone";
				TARGETED_DEVICE_FAMILY = "1,2";
			};
			name = Debug;
		};
		655FC6851BE9816D0013E2CE /* Release */ = {
			isa = XCBuildConfiguration;
			buildSettings = {
				ALWAYS_SEARCH_USER_PATHS = NO;
				CLANG_CXX_LANGUAGE_STANDARD = "gnu++0x";
				CLANG_CXX_LIBRARY = "libc++";
				CLANG_ENABLE_MODULES = YES;
				CLANG_ENABLE_OBJC_ARC = YES;
				CLANG_WARN_BOOL_CONVERSION = YES;
				CLANG_WARN_CONSTANT_CONVERSION = YES;
				CLANG_WARN_DIRECT_OBJC_ISA_USAGE = YES_ERROR;
				CLANG_WARN_EMPTY_BODY = YES;
				CLANG_WARN_ENUM_CONVERSION = YES;
				CLANG_WARN_INT_CONVERSION = YES;
				CLANG_WARN_OBJC_ROOT_CLASS = YES_ERROR;
				CLANG_WARN_UNREACHABLE_CODE = YES;
				CLANG_WARN__DUPLICATE_METHOD_MATCH = YES;
				"CODE_SIGN_IDENTITY[sdk=iphoneos*]" = "iPhone Developer";
				COPY_PHASE_STRIP = NO;
				DEBUG_INFORMATION_FORMAT = "dwarf-with-dsym";
				ENABLE_NS_ASSERTIONS = NO;
				ENABLE_STRICT_OBJC_MSGSEND = YES;
				GCC_C_LANGUAGE_STANDARD = gnu99;
				GCC_NO_COMMON_BLOCKS = YES;
				GCC_WARN_64_TO_32_BIT_CONVERSION = YES;
				GCC_WARN_ABOUT_RETURN_TYPE = YES_ERROR;
				GCC_WARN_UNDECLARED_SELECTOR = YES;
				GCC_WARN_UNINITIALIZED_AUTOS = YES_AGGRESSIVE;
				GCC_WARN_UNUSED_FUNCTION = YES;
				GCC_WARN_UNUSED_VARIABLE = YES;
				IPHONEOS_DEPLOYMENT_TARGET = 9.1;
				MTL_ENABLE_DEBUG_INFO = NO;
				SDKROOT = iphoneos;
				TARGETED_DEVICE_FAMILY = "1,2";
				VALIDATE_PRODUCT = YES;
			};
			name = Release;
		};
		655FC6871BE9816D0013E2CE /* Debug */ = {
			isa = XCBuildConfiguration;
			baseConfigurationReference = FA8EE3CA5DECD93008263C94 /* Pods.debug.xcconfig */;
			buildSettings = {
				ASSETCATALOG_COMPILER_APPICON_NAME = AppIcon;
				CLANG_ENABLE_MODULES = YES;
				CODE_SIGN_IDENTITY = "iPhone Developer";
				INFOPLIST_FILE = Roots/Info.plist;
				LD_RUNPATH_SEARCH_PATHS = "$(inherited) @executable_path/Frameworks";
				PRODUCT_BUNDLE_IDENTIFIER = com.HunterMaximillionMonk.Roots;
				PRODUCT_NAME = "$(TARGET_NAME)";
				SWIFT_OBJC_BRIDGING_HEADER = "Roots/Roots-Bridging-Header.h";
				SWIFT_OPTIMIZATION_LEVEL = "-Onone";
			};
			name = Debug;
		};
		655FC6881BE9816D0013E2CE /* Release */ = {
			isa = XCBuildConfiguration;
			baseConfigurationReference = 66BD7D0E18E5BBF6D782B0FC /* Pods.release.xcconfig */;
			buildSettings = {
				ASSETCATALOG_COMPILER_APPICON_NAME = AppIcon;
				CLANG_ENABLE_MODULES = YES;
				CODE_SIGN_IDENTITY = "iPhone Developer";
				INFOPLIST_FILE = Roots/Info.plist;
				LD_RUNPATH_SEARCH_PATHS = "$(inherited) @executable_path/Frameworks";
				PRODUCT_BUNDLE_IDENTIFIER = com.HunterMaximillionMonk.Roots;
				PRODUCT_NAME = "$(TARGET_NAME)";
				SWIFT_OBJC_BRIDGING_HEADER = "Roots/Roots-Bridging-Header.h";
			};
			name = Release;
		};
		655FC68A1BE9816D0013E2CE /* Debug */ = {
			isa = XCBuildConfiguration;
			buildSettings = {
				BUNDLE_LOADER = "$(TEST_HOST)";
				INFOPLIST_FILE = RootsTests/Info.plist;
				LD_RUNPATH_SEARCH_PATHS = "$(inherited) @executable_path/Frameworks @loader_path/Frameworks";
				PRODUCT_BUNDLE_IDENTIFIER = com.huntermaximillionmonk.RootsTests;
				PRODUCT_NAME = "$(TARGET_NAME)";
				TEST_HOST = "$(BUILT_PRODUCTS_DIR)/Roots.app/Roots";
			};
			name = Debug;
		};
		655FC68B1BE9816D0013E2CE /* Release */ = {
			isa = XCBuildConfiguration;
			buildSettings = {
				BUNDLE_LOADER = "$(TEST_HOST)";
				INFOPLIST_FILE = RootsTests/Info.plist;
				LD_RUNPATH_SEARCH_PATHS = "$(inherited) @executable_path/Frameworks @loader_path/Frameworks";
				PRODUCT_BUNDLE_IDENTIFIER = com.huntermaximillionmonk.RootsTests;
				PRODUCT_NAME = "$(TARGET_NAME)";
				TEST_HOST = "$(BUILT_PRODUCTS_DIR)/Roots.app/Roots";
			};
			name = Release;
		};
		655FC68D1BE9816D0013E2CE /* Debug */ = {
			isa = XCBuildConfiguration;
			buildSettings = {
				INFOPLIST_FILE = RootsUITests/Info.plist;
				LD_RUNPATH_SEARCH_PATHS = "$(inherited) @executable_path/Frameworks @loader_path/Frameworks";
				PRODUCT_BUNDLE_IDENTIFIER = com.huntermaximillionmonk.RootsUITests;
				PRODUCT_NAME = "$(TARGET_NAME)";
				TEST_TARGET_NAME = Roots;
				USES_XCTRUNNER = YES;
			};
			name = Debug;
		};
		655FC68E1BE9816D0013E2CE /* Release */ = {
			isa = XCBuildConfiguration;
			buildSettings = {
				INFOPLIST_FILE = RootsUITests/Info.plist;
				LD_RUNPATH_SEARCH_PATHS = "$(inherited) @executable_path/Frameworks @loader_path/Frameworks";
				PRODUCT_BUNDLE_IDENTIFIER = com.huntermaximillionmonk.RootsUITests;
				PRODUCT_NAME = "$(TARGET_NAME)";
				TEST_TARGET_NAME = Roots;
				USES_XCTRUNNER = YES;
			};
			name = Release;
		};
/* End XCBuildConfiguration section */

/* Begin XCConfigurationList section */
		655FC6591BE9816D0013E2CE /* Build configuration list for PBXProject "Roots" */ = {
			isa = XCConfigurationList;
			buildConfigurations = (
				655FC6841BE9816D0013E2CE /* Debug */,
				655FC6851BE9816D0013E2CE /* Release */,
			);
			defaultConfigurationIsVisible = 0;
			defaultConfigurationName = Release;
		};
		655FC6861BE9816D0013E2CE /* Build configuration list for PBXNativeTarget "Roots" */ = {
			isa = XCConfigurationList;
			buildConfigurations = (
				655FC6871BE9816D0013E2CE /* Debug */,
				655FC6881BE9816D0013E2CE /* Release */,
			);
			defaultConfigurationIsVisible = 0;
			defaultConfigurationName = Release;
		};
		655FC6891BE9816D0013E2CE /* Build configuration list for PBXNativeTarget "RootsTests" */ = {
			isa = XCConfigurationList;
			buildConfigurations = (
				655FC68A1BE9816D0013E2CE /* Debug */,
				655FC68B1BE9816D0013E2CE /* Release */,
			);
			defaultConfigurationIsVisible = 0;
			defaultConfigurationName = Release;
		};
		655FC68C1BE9816D0013E2CE /* Build configuration list for PBXNativeTarget "RootsUITests" */ = {
			isa = XCConfigurationList;
			buildConfigurations = (
				655FC68D1BE9816D0013E2CE /* Debug */,
				655FC68E1BE9816D0013E2CE /* Release */,
			);
			defaultConfigurationIsVisible = 0;
			defaultConfigurationName = Release;
		};
/* End XCConfigurationList section */
	};
	rootObject = 655FC6561BE9816D0013E2CE /* Project object */;
}
